
Microsoft Visual Studio Solution File, Format Version 12.00
# Visual Studio 14
VisualStudioVersion = 14.0.24720.0
MinimumVisualStudioVersion = 10.0.40219.1
Project("{FAE04EC0-301F-11D3-BF4B-00C04F79EFBC}") = "ConsoleApplication3", "ConsoleApplication3\ConsoleApplication3.csproj", "{5ABA226D-DEC5-424A-8796-5A05370494D7}"
EndProject
Project("{FAE04EC0-301F-11D3-BF4B-00C04F79EFBC}") = "ClassLibrary1", "ClassLibrary1\ClassLibrary1.csproj", "{6F6B3B25-EC78-42E2-AA0D-67D51E86B4F5}"
EndProject
Project("{FAE04EC0-301F-11D3-BF4B-00C04F79EFBC}") = "ConsoleApplication1", "ConsoleApplication1\ConsoleApplication1.csproj", "{295418AE-8BDD-4D25-A871-AD2290EDCF66}"
EndProject
Project("{FAE04EC0-301F-11D3-BF4B-00C04F79EFBC}") = "MapReduce.Parser", "Parser\MapReduce.Parser.csproj", "{1FF01DA3-7858-4B6D-A39E-2251F4C1F561}"
EndProject
Project("{FAE04EC0-301F-11D3-BF4B-00C04F79EFBC}") = "MapReduce.Parser.UnitTest", "UnitTestProject2\MapReduce.Parser.UnitTest.csproj", "{0AEC8006-292B-45C3-B344-29B73EDDEE8B}"
EndProject
Project("{FAE04EC0-301F-11D3-BF4B-00C04F79EFBC}") = "MapReduce.Lexer", "MapReduce.Lexer\MapReduce.Lexer.csproj", "{B0B0C7BD-B6FE-4A39-9BB2-C66D9303F94B}"
EndProject
Project("{FAE04EC0-301F-11D3-BF4B-00C04F79EFBC}") = "MapReduce.Lexer.UnitTests", "MapReduce.Lexer.UnitTests\MapReduce.Lexer.UnitTests.csproj", "{CFE97B31-1D51-42E6-B3E5-A87AA7EE0902}"
EndProject
Global
	GlobalSection(SolutionConfigurationPlatforms) = preSolution
		Debug|Any CPU = Debug|Any CPU
		Debug|x86 = Debug|x86
		Release|Any CPU = Release|Any CPU
		Release|x86 = Release|x86
	EndGlobalSection
	GlobalSection(ProjectConfigurationPlatforms) = postSolution
		{5ABA226D-DEC5-424A-8796-5A05370494D7}.Debug|Any CPU.ActiveCfg = Debug|Any CPU
		{5ABA226D-DEC5-424A-8796-5A05370494D7}.Debug|Any CPU.Build.0 = Debug|Any CPU
		{5ABA226D-DEC5-424A-8796-5A05370494D7}.Debug|x86.ActiveCfg = Debug|Any CPU
		{5ABA226D-DEC5-424A-8796-5A05370494D7}.Debug|x86.Build.0 = Debug|Any CPU
		{5ABA226D-DEC5-424A-8796-5A05370494D7}.Release|Any CPU.ActiveCfg = Release|Any CPU
		{5ABA226D-DEC5-424A-8796-5A05370494D7}.Release|Any CPU.Build.0 = Release|Any CPU
		{5ABA226D-DEC5-424A-8796-5A05370494D7}.Release|x86.ActiveCfg = Release|Any CPU
		{5ABA226D-DEC5-424A-8796-5A05370494D7}.Release|x86.Build.0 = Release|Any CPU
		{6F6B3B25-EC78-42E2-AA0D-67D51E86B4F5}.Debug|Any CPU.ActiveCfg = Debug|Any CPU
		{6F6B3B25-EC78-42E2-AA0D-67D51E86B4F5}.Debug|Any CPU.Build.0 = Debug|Any CPU
		{6F6B3B25-EC78-42E2-AA0D-67D51E86B4F5}.Debug|x86.ActiveCfg = Debug|Any CPU
		{6F6B3B25-EC78-42E2-AA0D-67D51E86B4F5}.Debug|x86.Build.0 = Debug|Any CPU
		{6F6B3B25-EC78-42E2-AA0D-67D51E86B4F5}.Release|Any CPU.ActiveCfg = Release|Any CPU
		{6F6B3B25-EC78-42E2-AA0D-67D51E86B4F5}.Release|Any CPU.Build.0 = Release|Any CPU
		{6F6B3B25-EC78-42E2-AA0D-67D51E86B4F5}.Release|x86.ActiveCfg = Release|Any CPU
		{6F6B3B25-EC78-42E2-AA0D-67D51E86B4F5}.Release|x86.Build.0 = Release|Any CPU
		{295418AE-8BDD-4D25-A871-AD2290EDCF66}.Debug|Any CPU.ActiveCfg = Debug|Any CPU
		{295418AE-8BDD-4D25-A871-AD2290EDCF66}.Debug|Any CPU.Build.0 = Debug|Any CPU
		{295418AE-8BDD-4D25-A871-AD2290EDCF66}.Debug|x86.ActiveCfg = Debug|Any CPU
		{295418AE-8BDD-4D25-A871-AD2290EDCF66}.Debug|x86.Build.0 = Debug|Any CPU
		{295418AE-8BDD-4D25-A871-AD2290EDCF66}.Release|Any CPU.ActiveCfg = Release|Any CPU
		{295418AE-8BDD-4D25-A871-AD2290EDCF66}.Release|Any CPU.Build.0 = Release|Any CPU
		{295418AE-8BDD-4D25-A871-AD2290EDCF66}.Release|x86.ActiveCfg = Release|Any CPU
		{295418AE-8BDD-4D25-A871-AD2290EDCF66}.Release|x86.Build.0 = Release|Any CPU
		{1FF01DA3-7858-4B6D-A39E-2251F4C1F561}.Debug|Any CPU.ActiveCfg = Debug|Any CPU
		{1FF01DA3-7858-4B6D-A39E-2251F4C1F561}.Debug|Any CPU.Build.0 = Debug|Any CPU
		{1FF01DA3-7858-4B6D-A39E-2251F4C1F561}.Debug|x86.ActiveCfg = Debug|Any CPU
		{1FF01DA3-7858-4B6D-A39E-2251F4C1F561}.Debug|x86.Build.0 = Debug|Any CPU
		{1FF01DA3-7858-4B6D-A39E-2251F4C1F561}.Release|Any CPU.ActiveCfg = Release|Any CPU
		{1FF01DA3-7858-4B6D-A39E-2251F4C1F561}.Release|Any CPU.Build.0 = Release|Any CPU
		{1FF01DA3-7858-4B6D-A39E-2251F4C1F561}.Release|x86.ActiveCfg = Release|Any CPU
		{1FF01DA3-7858-4B6D-A39E-2251F4C1F561}.Release|x86.Build.0 = Release|Any CPU
		{0AEC8006-292B-45C3-B344-29B73EDDEE8B}.Debug|Any CPU.ActiveCfg = Debug|Any CPU
		{0AEC8006-292B-45C3-B344-29B73EDDEE8B}.Debug|Any CPU.Build.0 = Debug|Any CPU
		{0AEC8006-292B-45C3-B344-29B73EDDEE8B}.Debug|x86.ActiveCfg = Debug|Any CPU
		{0AEC8006-292B-45C3-B344-29B73EDDEE8B}.Debug|x86.Build.0 = Debug|Any CPU
		{0AEC8006-292B-45C3-B344-29B73EDDEE8B}.Release|Any CPU.ActiveCfg = Release|Any CPU
		{0AEC8006-292B-45C3-B344-29B73EDDEE8B}.Release|Any CPU.Build.0 = Release|Any CPU
		{0AEC8006-292B-45C3-B344-29B73EDDEE8B}.Release|x86.ActiveCfg = Release|Any CPU
		{0AEC8006-292B-45C3-B344-29B73EDDEE8B}.Release|x86.Build.0 = Release|Any CPU
		{B0B0C7BD-B6FE-4A39-9BB2-C66D9303F94B}.Debug|Any CPU.ActiveCfg = Debug|Any CPU
		{B0B0C7BD-B6FE-4A39-9BB2-C66D9303F94B}.Debug|Any CPU.Build.0 = Debug|Any CPU
		{B0B0C7BD-B6FE-4A39-9BB2-C66D9303F94B}.Debug|x86.ActiveCfg = Debug|Any CPU
		{B0B0C7BD-B6FE-4A39-9BB2-C66D9303F94B}.Debug|x86.Build.0 = Debug|Any CPU
		{B0B0C7BD-B6FE-4A39-9BB2-C66D9303F94B}.Release|Any CPU.ActiveCfg = Release|Any CPU
		{B0B0C7BD-B6FE-4A39-9BB2-C66D9303F94B}.Release|Any CPU.Build.0 = Release|Any CPU
		{B0B0C7BD-B6FE-4A39-9BB2-C66D9303F94B}.Release|x86.ActiveCfg = Release|Any CPU
		{B0B0C7BD-B6FE-4A39-9BB2-C66D9303F94B}.Release|x86.Build.0 = Release|Any CPU
		{CFE97B31-1D51-42E6-B3E5-A87AA7EE0902}.Debug|Any CPU.ActiveCfg = Debug|Any CPU
		{CFE97B31-1D51-42E6-B3E5-A87AA7EE0902}.Debug|Any CPU.Build.0 = Debug|Any CPU
		{CFE97B31-1D51-42E6-B3E5-A87AA7EE0902}.Debug|x86.ActiveCfg = Debug|Any CPU
		{CFE97B31-1D51-42E6-B3E5-A87AA7EE0902}.Debug|x86.Build.0 = Debug|Any CPU
		{CFE97B31-1D51-42E6-B3E5-A87AA7EE0902}.Release|Any CPU.ActiveCfg = Release|Any CPU
		{CFE97B31-1D51-42E6-B3E5-A87AA7EE0902}.Release|Any CPU.Build.0 = Release|Any CPU
		{CFE97B31-1D51-42E6-B3E5-A87AA7EE0902}.Release|x86.ActiveCfg = Release|Any CPU
		{CFE97B31-1D51-42E6-B3E5-A87AA7EE0902}.Release|x86.Build.0 = Release|Any CPU
	EndGlobalSection
	GlobalSection(SolutionProperties) = preSolution
		HideSolutionNode = FALSE
	EndGlobalSection
EndGlobal
